
Microsoft Visual Studio Solution File, Format Version 12.00
# Visual Studio Version 17
VisualStudioVersion = 17.7.34009.444
MinimumVisualStudioVersion = 10.0.40219.1
Project("{FAE04EC0-301F-11D3-BF4B-00C04F79EFBC}") = "WebBlazorChatApplication.Server", "WebBlazorChatApplication\Server\WebBlazorChatApplication.Server.csproj", "{D64916E6-8C44-41C8-BD35-70913FB41632}"
EndProject
Project("{FAE04EC0-301F-11D3-BF4B-00C04F79EFBC}") = "WebBlazorChatApplication.Client", "WebBlazorChatApplication\Client\WebBlazorChatApplication.Client.csproj", "{989777F8-6986-4EBB-9D3D-E3FA456079C8}"
EndProject
Project("{FAE04EC0-301F-11D3-BF4B-00C04F79EFBC}") = "WebBlazorChatApplication.Shared", "WebBlazorChatApplication\Shared\WebBlazorChatApplication.Shared.csproj", "{59A28D0D-E5EA-4E36-9A93-5816EEA94AE0}"
EndProject
Global
	GlobalSection(SolutionConfigurationPlatforms) = preSolution
		Debug|Any CPU = Debug|Any CPU
		Release|Any CPU = Release|Any CPU
	EndGlobalSection
	GlobalSection(ProjectConfigurationPlatforms) = postSolution
		{D64916E6-8C44-41C8-BD35-70913FB41632}.Debug|Any CPU.ActiveCfg = Debug|Any CPU
		{D64916E6-8C44-41C8-BD35-70913FB41632}.Debug|Any CPU.Build.0 = Debug|Any CPU
		{D64916E6-8C44-41C8-BD35-70913FB41632}.Release|Any CPU.ActiveCfg = Release|Any CPU
		{D64916E6-8C44-41C8-BD35-70913FB41632}.Release|Any CPU.Build.0 = Release|Any CPU
		{989777F8-6986-4EBB-9D3D-E3FA456079C8}.Debug|Any CPU.ActiveCfg = Debug|Any CPU
		{989777F8-6986-4EBB-9D3D-E3FA456079C8}.Debug|Any CPU.Build.0 = Debug|Any CPU
		{989777F8-6986-4EBB-9D3D-E3FA456079C8}.Release|Any CPU.ActiveCfg = Release|Any CPU
		{989777F8-6986-4EBB-9D3D-E3FA456079C8}.Release|Any CPU.Build.0 = Release|Any CPU
		{59A28D0D-E5EA-4E36-9A93-5816EEA94AE0}.Debug|Any CPU.ActiveCfg = Debug|Any CPU
		{59A28D0D-E5EA-4E36-9A93-5816EEA94AE0}.Debug|Any CPU.Build.0 = Debug|Any CPU
		{59A28D0D-E5EA-4E36-9A93-5816EEA94AE0}.Release|Any CPU.ActiveCfg = Release|Any CPU
		{59A28D0D-E5EA-4E36-9A93-5816EEA94AE0}.Release|Any CPU.Build.0 = Release|Any CPU
	EndGlobalSection
	GlobalSection(SolutionProperties) = preSolution
		HideSolutionNode = FALSE
	EndGlobalSection
	GlobalSection(ExtensibilityGlobals) = postSolution
		SolutionGuid = {7426AD9C-65CB-4E7F-AF4E-C735F3EDD720}
	EndGlobalSection
EndGlobal
